
Microsoft Visual Studio Solution File, Format Version 12.00
# Visual Studio Version 16
VisualStudioVersion = 16.0.31624.102
MinimumVisualStudioVersion = 10.0.40219.1
Project("{8BC9CEB8-8B4A-11D0-8D11-00A0C91BC942}") = "PR7.2", "PR7.2\PR7.2.vcxproj", "{48EA4435-AAB9-4E87-B2A0-C27D40025246}"
EndProject
Project("{8BC9CEB8-8B4A-11D0-8D11-00A0C91BC942}") = "UnitTest7.2", "UnitTest7.2\UnitTest7.2.vcxproj", "{2843EAB9-7F62-47DA-8FE1-5BFF5A6CCE52}"
EndProject
Global
	GlobalSection(SolutionConfigurationPlatforms) = preSolution
		Debug|x64 = Debug|x64
		Debug|x86 = Debug|x86
		Release|x64 = Release|x64
		Release|x86 = Release|x86
	EndGlobalSection
	GlobalSection(ProjectConfigurationPlatforms) = postSolution
		{48EA4435-AAB9-4E87-B2A0-C27D40025246}.Debug|x64.ActiveCfg = Debug|x64
		{48EA4435-AAB9-4E87-B2A0-C27D40025246}.Debug|x64.Build.0 = Debug|x64
		{48EA4435-AAB9-4E87-B2A0-C27D40025246}.Debug|x86.ActiveCfg = Debug|Win32
		{48EA4435-AAB9-4E87-B2A0-C27D40025246}.Debug|x86.Build.0 = Debug|Win32
		{48EA4435-AAB9-4E87-B2A0-C27D40025246}.Release|x64.ActiveCfg = Release|x64
		{48EA4435-AAB9-4E87-B2A0-C27D40025246}.Release|x64.Build.0 = Release|x64
		{48EA4435-AAB9-4E87-B2A0-C27D40025246}.Release|x86.ActiveCfg = Release|Win32
		{48EA4435-AAB9-4E87-B2A0-C27D40025246}.Release|x86.Build.0 = Release|Win32
		{2843EAB9-7F62-47DA-8FE1-5BFF5A6CCE52}.Debug|x64.ActiveCfg = Debug|x64
		{2843EAB9-7F62-47DA-8FE1-5BFF5A6CCE52}.Debug|x64.Build.0 = Debug|x64
		{2843EAB9-7F62-47DA-8FE1-5BFF5A6CCE52}.Debug|x86.ActiveCfg = Debug|Win32
		{2843EAB9-7F62-47DA-8FE1-5BFF5A6CCE52}.Debug|x86.Build.0 = Debug|Win32
		{2843EAB9-7F62-47DA-8FE1-5BFF5A6CCE52}.Release|x64.ActiveCfg = Release|x64
		{2843EAB9-7F62-47DA-8FE1-5BFF5A6CCE52}.Release|x64.Build.0 = Release|x64
		{2843EAB9-7F62-47DA-8FE1-5BFF5A6CCE52}.Release|x86.ActiveCfg = Release|Win32
		{2843EAB9-7F62-47DA-8FE1-5BFF5A6CCE52}.Release|x86.Build.0 = Release|Win32
	EndGlobalSection
	GlobalSection(SolutionProperties) = preSolution
		HideSolutionNode = FALSE
	EndGlobalSection
	GlobalSection(ExtensibilityGlobals) = postSolution
		SolutionGuid = {4E1DD320-2EC5-443C-8734-CFEB2C0C93C2}
	EndGlobalSection
EndGlobal
